
Microsoft Visual Studio Solution File, Format Version 12.00
# Visual Studio Version 17
VisualStudioVersion = 17.5.33530.505
MinimumVisualStudioVersion = 10.0.40219.1
Project("{FAE04EC0-301F-11D3-BF4B-00C04F79EFBC}") = "Xtz.SCIM.Abstractions.TestPackage", "Xtz.SCIM.Abstractions.TestPackage\Xtz.SCIM.Abstractions.TestPackage.csproj", "{214BAC47-1AB1-4C90-B17D-D94DD9F627BA}"
EndProject
Global
	GlobalSection(SolutionConfigurationPlatforms) = preSolution
		Debug|Any CPU = Debug|Any CPU
		Release|Any CPU = Release|Any CPU
	EndGlobalSection
	GlobalSection(ProjectConfigurationPlatforms) = postSolution
		{214BAC47-1AB1-4C90-B17D-D94DD9F627BA}.Debug|Any CPU.ActiveCfg = Debug|Any CPU
		{214BAC47-1AB1-4C90-B17D-D94DD9F627BA}.Debug|Any CPU.Build.0 = Debug|Any CPU
		{214BAC47-1AB1-4C90-B17D-D94DD9F627BA}.Release|Any CPU.ActiveCfg = Release|Any CPU
		{214BAC47-1AB1-4C90-B17D-D94DD9F627BA}.Release|Any CPU.Build.0 = Release|Any CPU
	EndGlobalSection
	GlobalSection(SolutionProperties) = preSolution
		HideSolutionNode = FALSE
	EndGlobalSection
	GlobalSection(ExtensibilityGlobals) = postSolution
		SolutionGuid = {1C16A928-47C6-4152-8EF4-A27478E9434A}
	EndGlobalSection
EndGlobal
